<?xml version="1.0" encoding="utf-8"?>
<Project ToolsVersion="4.0" xmlns="http://schemas.microsoft.com/developer/msbuild/2003">
  <ItemGroup>
    <ClCompile Include="Button.cpp" />
    <ClCompile Include="Cursor.cpp" />
    <ClCompile Include="DxFont.cpp" />
    <ClCompile Include="DxSound.cpp" />
    <ClCompile Include="Enemy.cpp" />
    <ClCompile Include="Game.cpp" />
    <ClCompile Include="GameObject.cpp" />
    <ClCompile Include="GameSprite.cpp" />
    <ClCompile Include="GameTime.cpp" />
    <ClCompile Include="Graphics.cpp" />
    <ClCompile Include="Level1.cpp" />
    <ClCompile Include="LevelMainMenu.cpp" />
    <ClCompile Include="Platform.cpp" />
    <ClCompile Include="LevelPlayerWins.cpp" />
    <ClCompile Include="Player.cpp" />
    <ClCompile Include="PlayerInput.cpp" />
    <ClCompile Include="UserInterface.cpp" />
    <ClCompile Include="WinMain.cpp" />
    <ClCompile Include="Windows.cpp" />
    <ClCompile Include="Pictures.cpp" />
    <ClCompile Include="GameStateManager.cpp" />
  </ItemGroup>
  <ItemGroup>
    <ClInclude Include="Button.h" />
    <ClInclude Include="Cursor.h" />
    <ClInclude Include="DxFont.h" />
    <ClInclude Include="DxSound.h" />
    <ClInclude Include="Enemy.h" />
    <ClInclude Include="Game.h" />
    <ClInclude Include="GameObject.h" />
    <ClInclude Include="GameSprite.h" />
    <ClInclude Include="GameTime.h" />
    <ClInclude Include="Graphics.h" />
    <ClInclude Include="Constants.h" />
    <ClInclude Include="Level1.h" />
    <ClInclude Include="LevelMainMenu.h" />
    <ClInclude Include="Platform.h" />
    <ClInclude Include="LevelPlayerWins.h" />
    <ClInclude Include="Player.h" />
    <ClInclude Include="PlayerInput.h" />
    <ClInclude Include="UserInterface.h" />
    <ClInclude Include="Windows.h" />
    <ClInclude Include="Pictures.h" />
    <ClInclude Include="GameStateManager.h" />
  </ItemGroup>
  <ItemGroup>
    <Library Include="C:\Program Files (x86)\FMOD SoundSystem\FMOD Programmers API Windows\api\lib\fmodex_vc.lib" />
  </ItemGroup>
  <ItemGroup>
    <Text Include="FontFormats.txt" />
  </ItemGroup>
</Project>